// !$*UTF8*$!
{
	archiveVersion = 1;
	classes = {
	};
	objectVersion = 50;
	objects = {

/* Begin PBXBuildFile section */
		CEB2010621A80A030055689D /* AppDelegate.m in Sources */ = {isa = PBXBuildFile; fileRef = CEB2010521A80A030055689D /* AppDelegate.m */; };
		CEB2010921A80A030055689D /* ViewController.m in Sources */ = {isa = PBXBuildFile; fileRef = CEB2010821A80A030055689D /* ViewController.m */; };
		CEB2010C21A80A030055689D /* Main.storyboard in Resources */ = {isa = PBXBuildFile; fileRef = CEB2010A21A80A030055689D /* Main.storyboard */; };
		CEB2010E21A80A060055689D /* Assets.xcassets in Resources */ = {isa = PBXBuildFile; fileRef = CEB2010D21A80A060055689D /* Assets.xcassets */; };
		CEB2011121A80A060055689D /* LaunchScreen.storyboard in Resources */ = {isa = PBXBuildFile; fileRef = CEB2010F21A80A060055689D /* LaunchScreen.storyboard */; };
		CEB2011421A80A060055689D /* main.m in Sources */ = {isa = PBXBuildFile; fileRef = CEB2011321A80A060055689D /* main.m */; };
		CEB2011E21A80A060055689D /* teste_infinitoTests.m in Sources */ = {isa = PBXBuildFile; fileRef = CEB2011D21A80A060055689D /* teste_infinitoTests.m */; };
		CEB2012921A80A060055689D /* teste_infinitoUITests.m in Sources */ = {isa = PBXBuildFile; fileRef = CEB2012821A80A060055689D /* teste_infinitoUITests.m */; };
		CEB2013821A80A2C0055689D /* Teste_OpenCV.cpp in Sources */ = {isa = PBXBuildFile; fileRef = CEB2013621A80A2C0055689D /* Teste_OpenCV.cpp */; };
/* End PBXBuildFile section */

/* Begin PBXContainerItemProxy section */
		CEB2011A21A80A060055689D /* PBXContainerItemProxy */ = {
			isa = PBXContainerItemProxy;
			containerPortal = CEB200F921A80A020055689D /* Project object */;
			proxyType = 1;
			remoteGlobalIDString = CEB2010021A80A020055689D;
			remoteInfo = teste_infinito;
		};
		CEB2012521A80A060055689D /* PBXContainerItemProxy */ = {
			isa = PBXContainerItemProxy;
			containerPortal = CEB200F921A80A020055689D /* Project object */;
			proxyType = 1;
			remoteGlobalIDString = CEB2010021A80A020055689D;
			remoteInfo = teste_infinito;
		};
/* End PBXContainerItemProxy section */

/* Begin PBXFileReference section */
		CEB2010121A80A020055689D /* teste_infinito.app */ = {isa = PBXFileReference; explicitFileType = wrapper.application; includeInIndex = 0; path = teste_infinito.app; sourceTree = BUILT_PRODUCTS_DIR; };
		CEB2010421A80A030055689D /* AppDelegate.h */ = {isa = PBXFileReference; lastKnownFileType = sourcecode.c.h; path = AppDelegate.h; sourceTree = "<group>"; };
		CEB2010521A80A030055689D /* AppDelegate.m */ = {isa = PBXFileReference; lastKnownFileType = sourcecode.c.objc; path = AppDelegate.m; sourceTree = "<group>"; };
		CEB2010721A80A030055689D /* ViewController.h */ = {isa = PBXFileReference; lastKnownFileType = sourcecode.c.h; path = ViewController.h; sourceTree = "<group>"; };
		CEB2010821A80A030055689D /* ViewController.m */ = {isa = PBXFileReference; lastKnownFileType = sourcecode.c.objc; path = ViewController.m; sourceTree = "<group>"; };
		CEB2010B21A80A030055689D /* Base */ = {isa = PBXFileReference; lastKnownFileType = file.storyboard; name = Base; path = Base.lproj/Main.storyboard; sourceTree = "<group>"; };
		CEB2010D21A80A060055689D /* Assets.xcassets */ = {isa = PBXFileReference; lastKnownFileType = folder.assetcatalog; path = Assets.xcassets; sourceTree = "<group>"; };
		CEB2011021A80A060055689D /* Base */ = {isa = PBXFileReference; lastKnownFileType = file.storyboard; name = Base; path = Base.lproj/LaunchScreen.storyboard; sourceTree = "<group>"; };
		CEB2011221A80A060055689D /* Info.plist */ = {isa = PBXFileReference; lastKnownFileType = text.plist.xml; path = Info.plist; sourceTree = "<group>"; };
		CEB2011321A80A060055689D /* main.m */ = {isa = PBXFileReference; lastKnownFileType = sourcecode.c.objc; path = main.m; sourceTree = "<group>"; };
		CEB2011921A80A060055689D /* teste_infinitoTests.xctest */ = {isa = PBXFileReference; explicitFileType = wrapper.cfbundle; includeInIndex = 0; path = teste_infinitoTests.xctest; sourceTree = BUILT_PRODUCTS_DIR; };
		CEB2011D21A80A060055689D /* teste_infinitoTests.m */ = {isa = PBXFileReference; lastKnownFileType = sourcecode.c.objc; path = teste_infinitoTests.m; sourceTree = "<group>"; };
		CEB2011F21A80A060055689D /* Info.plist */ = {isa = PBXFileReference; lastKnownFileType = text.plist.xml; path = Info.plist; sourceTree = "<group>"; };
		CEB2012421A80A060055689D /* teste_infinitoUITests.xctest */ = {isa = PBXFileReference; explicitFileType = wrapper.cfbundle; includeInIndex = 0; path = teste_infinitoUITests.xctest; sourceTree = BUILT_PRODUCTS_DIR; };
		CEB2012821A80A060055689D /* teste_infinitoUITests.m */ = {isa = PBXFileReference; lastKnownFileType = sourcecode.c.objc; path = teste_infinitoUITests.m; sourceTree = "<group>"; };
		CEB2012A21A80A060055689D /* Info.plist */ = {isa = PBXFileReference; lastKnownFileType = text.plist.xml; path = Info.plist; sourceTree = "<group>"; };
		CEB2013621A80A2C0055689D /* Teste_OpenCV.cpp */ = {isa = PBXFileReference; lastKnownFileType = sourcecode.cpp.cpp; path = Teste_OpenCV.cpp; sourceTree = "<group>"; };
		CEB2013721A80A2C0055689D /* Teste_OpenCV.hpp */ = {isa = PBXFileReference; lastKnownFileType = sourcecode.cpp.h; path = Teste_OpenCV.hpp; sourceTree = "<group>"; };
/* End PBXFileReference section */

/* Begin PBXFrameworksBuildPhase section */
		CEB200FE21A80A020055689D /* Frameworks */ = {
			isa = PBXFrameworksBuildPhase;
			buildActionMask = 2147483647;
			files = (
			);
			runOnlyForDeploymentPostprocessing = 0;
		};
		CEB2011621A80A060055689D /* Frameworks */ = {
			isa = PBXFrameworksBuildPhase;
			buildActionMask = 2147483647;
			files = (
			);
			runOnlyForDeploymentPostprocessing = 0;
		};
		CEB2012121A80A060055689D /* Frameworks */ = {
			isa = PBXFrameworksBuildPhase;
			buildActionMask = 2147483647;
			files = (
			);
			runOnlyForDeploymentPostprocessing = 0;
		};
/* End PBXFrameworksBuildPhase section */

/* Begin PBXGroup section */
		CEB200F821A80A020055689D = {
			isa = PBXGroup;
			children = (
				CEB2013621A80A2C0055689D /* Teste_OpenCV.cpp */,
				CEB2013721A80A2C0055689D /* Teste_OpenCV.hpp */,
				CEB2010321A80A030055689D /* teste_infinito */,
				CEB2011C21A80A060055689D /* teste_infinitoTests */,
				CEB2012721A80A060055689D /* teste_infinitoUITests */,
				CEB2010221A80A020055689D /* Products */,
			);
			sourceTree = "<group>";
		};
		CEB2010221A80A020055689D /* Products */ = {
			isa = PBXGroup;
			children = (
				CEB2010121A80A020055689D /* teste_infinito.app */,
				CEB2011921A80A060055689D /* teste_infinitoTests.xctest */,
				CEB2012421A80A060055689D /* teste_infinitoUITests.xctest */,
			);
			name = Products;
			sourceTree = "<group>";
		};
		CEB2010321A80A030055689D /* teste_infinito */ = {
			isa = PBXGroup;
			children = (
				CEB2010421A80A030055689D /* AppDelegate.h */,
				CEB2010521A80A030055689D /* AppDelegate.m */,
				CEB2010721A80A030055689D /* ViewController.h */,
				CEB2010821A80A030055689D /* ViewController.m */,
				CEB2010A21A80A030055689D /* Main.storyboard */,
				CEB2010D21A80A060055689D /* Assets.xcassets */,
				CEB2010F21A80A060055689D /* LaunchScreen.storyboard */,
				CEB2011221A80A060055689D /* Info.plist */,
				CEB2011321A80A060055689D /* main.m */,
			);
			path = teste_infinito;
			sourceTree = "<group>";
		};
		CEB2011C21A80A060055689D /* teste_infinitoTests */ = {
			isa = PBXGroup;
			children = (
				CEB2011D21A80A060055689D /* teste_infinitoTests.m */,
				CEB2011F21A80A060055689D /* Info.plist */,
			);
			path = teste_infinitoTests;
			sourceTree = "<group>";
		};
		CEB2012721A80A060055689D /* teste_infinitoUITests */ = {
			isa = PBXGroup;
			children = (
				CEB2012821A80A060055689D /* teste_infinitoUITests.m */,
				CEB2012A21A80A060055689D /* Info.plist */,
			);
			path = teste_infinitoUITests;
			sourceTree = "<group>";
		};
/* End PBXGroup section */

/* Begin PBXNativeTarget section */
		CEB2010021A80A020055689D /* teste_infinito */ = {
			isa = PBXNativeTarget;
			buildConfigurationList = CEB2012D21A80A060055689D /* Build configuration list for PBXNativeTarget "teste_infinito" */;
			buildPhases = (
				CEB200FD21A80A020055689D /* Sources */,
				CEB200FE21A80A020055689D /* Frameworks */,
				CEB200FF21A80A020055689D /* Resources */,
			);
			buildRules = (
			);
			dependencies = (
			);
			name = teste_infinito;
			productName = teste_infinito;
			productReference = CEB2010121A80A020055689D /* teste_infinito.app */;
			productType = "com.apple.product-type.application";
		};
		CEB2011821A80A060055689D /* teste_infinitoTests */ = {
			isa = PBXNativeTarget;
			buildConfigurationList = CEB2013021A80A060055689D /* Build configuration list for PBXNativeTarget "teste_infinitoTests" */;
			buildPhases = (
				CEB2011521A80A060055689D /* Sources */,
				CEB2011621A80A060055689D /* Frameworks */,
				CEB2011721A80A060055689D /* Resources */,
			);
			buildRules = (
			);
			dependencies = (
				CEB2011B21A80A060055689D /* PBXTargetDependency */,
			);
			name = teste_infinitoTests;
			productName = teste_infinitoTests;
			productReference = CEB2011921A80A060055689D /* teste_infinitoTests.xctest */;
			productType = "com.apple.product-type.bundle.unit-test";
		};
		CEB2012321A80A060055689D /* teste_infinitoUITests */ = {
			isa = PBXNativeTarget;
			buildConfigurationList = CEB2013321A80A060055689D /* Build configuration list for PBXNativeTarget "teste_infinitoUITests" */;
			buildPhases = (
				CEB2012021A80A060055689D /* Sources */,
				CEB2012121A80A060055689D /* Frameworks */,
				CEB2012221A80A060055689D /* Resources */,
			);
			buildRules = (
			);
			dependencies = (
				CEB2012621A80A060055689D /* PBXTargetDependency */,
			);
			name = teste_infinitoUITests;
			productName = teste_infinitoUITests;
			productReference = CEB2012421A80A060055689D /* teste_infinitoUITests.xctest */;
			productType = "com.apple.product-type.bundle.ui-testing";
		};
/* End PBXNativeTarget section */

/* Begin PBXProject section */
		CEB200F921A80A020055689D /* Project object */ = {
			isa = PBXProject;
			attributes = {
				LastUpgradeCheck = 1010;
				ORGANIZATIONNAME = "Marina Silva Tavares";
				TargetAttributes = {
					CEB2010021A80A020055689D = {
						CreatedOnToolsVersion = 10.1;
					};
					CEB2011821A80A060055689D = {
						CreatedOnToolsVersion = 10.1;
						TestTargetID = CEB2010021A80A020055689D;
					};
					CEB2012321A80A060055689D = {
						CreatedOnToolsVersion = 10.1;
						TestTargetID = CEB2010021A80A020055689D;
					};
				};
			};
			buildConfigurationList = CEB200FC21A80A020055689D /* Build configuration list for PBXProject "teste_infinito" */;
			compatibilityVersion = "Xcode 9.3";
			developmentRegion = en;
			hasScannedForEncodings = 0;
			knownRegions = (
				en,
				Base,
			);
			mainGroup = CEB200F821A80A020055689D;
			productRefGroup = CEB2010221A80A020055689D /* Products */;
			projectDirPath = "";
			projectRoot = "";
			targets = (
				CEB2010021A80A020055689D /* teste_infinito */,
				CEB2011821A80A060055689D /* teste_infinitoTests */,
				CEB2012321A80A060055689D /* teste_infinitoUITests */,
			);
		};
/* End PBXProject section */

/* Begin PBXResourcesBuildPhase section */
		CEB200FF21A80A020055689D /* Resources */ = {
			isa = PBXResourcesBuildPhase;
			buildActionMask = 2147483647;
			files = (
				CEB2011121A80A060055689D /* LaunchScreen.storyboard in Resources */,
				CEB2010E21A80A060055689D /* Assets.xcassets in Resources */,
				CEB2010C21A80A030055689D /* Main.storyboard in Resources */,
			);
			runOnlyForDeploymentPostprocessing = 0;
		};
		CEB2011721A80A060055689D /* Resources */ = {
			isa = PBXResourcesBuildPhase;
			buildActionMask = 2147483647;
			files = (
			);
			runOnlyForDeploymentPostprocessing = 0;
		};
		CEB2012221A80A060055689D /* Resources */ = {
			isa = PBXResourcesBuildPhase;
			buildActionMask = 2147483647;
			files = (
			);
			runOnlyForDeploymentPostprocessing = 0;
		};
/* End PBXResourcesBuildPhase section */

/* Begin PBXSourcesBuildPhase section */
		CEB200FD21A80A020055689D /* Sources */ = {
			isa = PBXSourcesBuildPhase;
			buildActionMask = 2147483647;
			files = (
				CEB2013821A80A2C0055689D /* Teste_OpenCV.cpp in Sources */,
				CEB2010921A80A030055689D /* ViewController.m in Sources */,
				CEB2011421A80A060055689D /* main.m in Sources */,
				CEB2010621A80A030055689D /* AppDelegate.m in Sources */,
			);
			runOnlyForDeploymentPostprocessing = 0;
		};
		CEB2011521A80A060055689D /* Sources */ = {
			isa = PBXSourcesBuildPhase;
			buildActionMask = 2147483647;
			files = (
				CEB2011E21A80A060055689D /* teste_infinitoTests.m in Sources */,
			);
			runOnlyForDeploymentPostprocessing = 0;
		};
		CEB2012021A80A060055689D /* Sources */ = {
			isa = PBXSourcesBuildPhase;
			buildActionMask = 2147483647;
			files = (
				CEB2012921A80A060055689D /* teste_infinitoUITests.m in Sources */,
			);
			runOnlyForDeploymentPostprocessing = 0;
		};
/* End PBXSourcesBuildPhase section */

/* Begin PBXTargetDependency section */
		CEB2011B21A80A060055689D /* PBXTargetDependency */ = {
			isa = PBXTargetDependency;
			target = CEB2010021A80A020055689D /* teste_infinito */;
			targetProxy = CEB2011A21A80A060055689D /* PBXContainerItemProxy */;
		};
		CEB2012621A80A060055689D /* PBXTargetDependency */ = {
			isa = PBXTargetDependency;
			target = CEB2010021A80A020055689D /* teste_infinito */;
			targetProxy = CEB2012521A80A060055689D /* PBXContainerItemProxy */;
		};
/* End PBXTargetDependency section */

/* Begin PBXVariantGroup section */
		CEB2010A21A80A030055689D /* Main.storyboard */ = {
			isa = PBXVariantGroup;
			children = (
				CEB2010B21A80A030055689D /* Base */,
			);
			name = Main.storyboard;
			sourceTree = "<group>";
		};
		CEB2010F21A80A060055689D /* LaunchScreen.storyboard */ = {
			isa = PBXVariantGroup;
			children = (
				CEB2011021A80A060055689D /* Base */,
			);
			name = LaunchScreen.storyboard;
			sourceTree = "<group>";
		};
/* End PBXVariantGroup section */

/* Begin XCBuildConfiguration section */
		CEB2012B21A80A060055689D /* Debug */ = {
			isa = XCBuildConfiguration;
			buildSettings = {
				ALWAYS_SEARCH_USER_PATHS = NO;
				CLANG_ANALYZER_NONNULL = YES;
				CLANG_ANALYZER_NUMBER_OBJECT_CONVERSION = YES_AGGRESSIVE;
				CLANG_CXX_LANGUAGE_STANDARD = "gnu++14";
				CLANG_CXX_LIBRARY = "libc++";
				CLANG_ENABLE_MODULES = YES;
				CLANG_ENABLE_OBJC_ARC = YES;
				CLANG_ENABLE_OBJC_WEAK = YES;
				CLANG_WARN_BLOCK_CAPTURE_AUTORELEASING = YES;
				CLANG_WARN_BOOL_CONVERSION = YES;
				CLANG_WARN_COMMA = YES;
				CLANG_WARN_CONSTANT_CONVERSION = YES;
				CLANG_WARN_DEPRECATED_OBJC_IMPLEMENTATIONS = YES;
				CLANG_WARN_DIRECT_OBJC_ISA_USAGE = YES_ERROR;
				CLANG_WARN_DOCUMENTATION_COMMENTS = YES;
				CLANG_WARN_EMPTY_BODY = YES;
				CLANG_WARN_ENUM_CONVERSION = YES;
				CLANG_WARN_INFINITE_RECURSION = YES;
				CLANG_WARN_INT_CONVERSION = YES;
				CLANG_WARN_NON_LITERAL_NULL_CONVERSION = YES;
				CLANG_WARN_OBJC_IMPLICIT_RETAIN_SELF = YES;
				CLANG_WARN_OBJC_LITERAL_CONVERSION = YES;
				CLANG_WARN_OBJC_ROOT_CLASS = YES_ERROR;
				CLANG_WARN_RANGE_LOOP_ANALYSIS = YES;
				CLANG_WARN_STRICT_PROTOTYPES = YES;
				CLANG_WARN_SUSPICIOUS_MOVE = YES;
				CLANG_WARN_UNGUARDED_AVAILABILITY = YES_AGGRESSIVE;
				CLANG_WARN_UNREACHABLE_CODE = YES;
				CLANG_WARN__DUPLICATE_METHOD_MATCH = YES;
				CODE_SIGN_IDENTITY = "iPhone Developer";
				COPY_PHASE_STRIP = NO;
				DEBUG_INFORMATION_FORMAT = dwarf;
				ENABLE_STRICT_OBJC_MSGSEND = YES;
				ENABLE_TESTABILITY = YES;
				GCC_C_LANGUAGE_STANDARD = gnu11;
				GCC_DYNAMIC_NO_PIC = NO;
				GCC_NO_COMMON_BLOCKS = YES;
				GCC_OPTIMIZATION_LEVEL = 0;
				GCC_PREPROCESSOR_DEFINITIONS = (
					"DEBUG=1",
					"$(inherited)",
				);
				GCC_WARN_64_TO_32_BIT_CONVERSION = YES;
				GCC_WARN_ABOUT_RETURN_TYPE = YES_ERROR;
				GCC_WARN_UNDECLARED_SELECTOR = YES;
				GCC_WARN_UNINITIALIZED_AUTOS = YES_AGGRESSIVE;
				GCC_WARN_UNUSED_FUNCTION = YES;
				GCC_WARN_UNUSED_VARIABLE = YES;
				IPHONEOS_DEPLOYMENT_TARGET = 12.1;
				MTL_ENABLE_DEBUG_INFO = INCLUDE_SOURCE;
				MTL_FAST_MATH = YES;
				ONLY_ACTIVE_ARCH = YES;
				SDKROOT = iphoneos;
			};
			name = Debug;
		};
		CEB2012C21A80A060055689D /* Release */ = {
			isa = XCBuildConfiguration;
			buildSettings = {
				ALWAYS_SEARCH_USER_PATHS = NO;
				CLANG_ANALYZER_NONNULL = YES;
				CLANG_ANALYZER_NUMBER_OBJECT_CONVERSION = YES_AGGRESSIVE;
				CLANG_CXX_LANGUAGE_STANDARD = "gnu++14";
				CLANG_CXX_LIBRARY = "libc++";
				CLANG_ENABLE_MODULES = YES;
				CLANG_ENABLE_OBJC_ARC = YES;
				CLANG_ENABLE_OBJC_WEAK = YES;
				CLANG_WARN_BLOCK_CAPTURE_AUTORELEASING = YES;
				CLANG_WARN_BOOL_CONVERSION = YES;
				CLANG_WARN_COMMA = YES;
				CLANG_WARN_CONSTANT_CONVERSION = YES;
				CLANG_WARN_DEPRECATED_OBJC_IMPLEMENTATIONS = YES;
				CLANG_WARN_DIRECT_OBJC_ISA_USAGE = YES_ERROR;
				CLANG_WARN_DOCUMENTATION_COMMENTS = YES;
				CLANG_WARN_EMPTY_BODY = YES;
				CLANG_WARN_ENUM_CONVERSION = YES;
				CLANG_WARN_INFINITE_RECURSION = YES;
				CLANG_WARN_INT_CONVERSION = YES;
				CLANG_WARN_NON_LITERAL_NULL_CONVERSION = YES;
				CLANG_WARN_OBJC_IMPLICIT_RETAIN_SELF = YES;
				CLANG_WARN_OBJC_LITERAL_CONVERSION = YES;
				CLANG_WARN_OBJC_ROOT_CLASS = YES_ERROR;
				CLANG_WARN_RANGE_LOOP_ANALYSIS = YES;
				CLANG_WARN_STRICT_PROTOTYPES = YES;
				CLANG_WARN_SUSPICIOUS_MOVE = YES;
				CLANG_WARN_UNGUARDED_AVAILABILITY = YES_AGGRESSIVE;
				CLANG_WARN_UNREACHABLE_CODE = YES;
				CLANG_WARN__DUPLICATE_METHOD_MATCH = YES;
				CODE_SIGN_IDENTITY = "iPhone Developer";
				COPY_PHASE_STRIP = NO;
				DEBUG_INFORMATION_FORMAT = "dwarf-with-dsym";
				ENABLE_NS_ASSERTIONS = NO;
				ENABLE_STRICT_OBJC_MSGSEND = YES;
				GCC_C_LANGUAGE_STANDARD = gnu11;
				GCC_NO_COMMON_BLOCKS = YES;
				GCC_WARN_64_TO_32_BIT_CONVERSION = YES;
				GCC_WARN_ABOUT_RETURN_TYPE = YES_ERROR;
				GCC_WARN_UNDECLARED_SELECTOR = YES;
				GCC_WARN_UNINITIALIZED_AUTOS = YES_AGGRESSIVE;
				GCC_WARN_UNUSED_FUNCTION = YES;
				GCC_WARN_UNUSED_VARIABLE = YES;
				IPHONEOS_DEPLOYMENT_TARGET = 12.1;
				MTL_ENABLE_DEBUG_INFO = NO;
				MTL_FAST_MATH = YES;
				SDKROOT = iphoneos;
				VALIDATE_PRODUCT = YES;
			};
			name = Release;
		};
		CEB2012E21A80A060055689D /* Debug */ = {
			isa = XCBuildConfiguration;
			buildSettings = {
				ASSETCATALOG_COMPILER_APPICON_NAME = AppIcon;
				CODE_SIGN_STYLE = Automatic;
				INFOPLIST_FILE = teste_infinito/Info.plist;
				LD_RUNPATH_SEARCH_PATHS = (
					"$(inherited)",
					"@executable_path/Frameworks",
				);
				PRODUCT_BUNDLE_IDENTIFIER = "-.teste-infinito";
				PRODUCT_NAME = "$(TARGET_NAME)";
				TARGETED_DEVICE_FAMILY = "1,2";
			};
			name = Debug;
		};
		CEB2012F21A80A060055689D /* Release */ = {
			isa = XCBuildConfiguration;
			buildSettings = {
				ASSETCATALOG_COMPILER_APPICON_NAME = AppIcon;
				CODE_SIGN_STYLE = Automatic;
				INFOPLIST_FILE = teste_infinito/Info.plist;
				LD_RUNPATH_SEARCH_PATHS = (
					"$(inherited)",
					"@executable_path/Frameworks",
				);
				PRODUCT_BUNDLE_IDENTIFIER = "-.teste-infinito";
				PRODUCT_NAME = "$(TARGET_NAME)";
				TARGETED_DEVICE_FAMILY = "1,2";
			};
			name = Release;
		};
		CEB2013121A80A060055689D /* Debug */ = {
			isa = XCBuildConfiguration;
			buildSettings = {
				BUNDLE_LOADER = "$(TEST_HOST)";
				CODE_SIGN_STYLE = Automatic;
				INFOPLIST_FILE = teste_infinitoTests/Info.plist;
				LD_RUNPATH_SEARCH_PATHS = (
					"$(inherited)",
					"@executable_path/Frameworks",
					"@loader_path/Frameworks",
				);
				PRODUCT_BUNDLE_IDENTIFIER = "-.teste-infinitoTests";
				PRODUCT_NAME = "$(TARGET_NAME)";
				TARGETED_DEVICE_FAMILY = "1,2";
				TEST_HOST = "$(BUILT_PRODUCTS_DIR)/teste_infinito.app/teste_infinito";
			};
			name = Debug;
		};
		CEB2013221A80A060055689D /* Release */ = {
			isa = XCBuildConfiguration;
			buildSettings = {
				BUNDLE_LOADER = "$(TEST_HOST)";
				CODE_SIGN_STYLE = Automatic;
				INFOPLIST_FILE = teste_infinitoTests/Info.plist;
				LD_RUNPATH_SEARCH_PATHS = (
					"$(inherited)",
					"@executable_path/Frameworks",
					"@loader_path/Frameworks",
				);
				PRODUCT_BUNDLE_IDENTIFIER = "-.teste-infinitoTests";
				PRODUCT_NAME = "$(TARGET_NAME)";
				TARGETED_DEVICE_FAMILY = "1,2";
				TEST_HOST = "$(BUILT_PRODUCTS_DIR)/teste_infinito.app/teste_infinito";
			};
			name = Release;
		};
		CEB2013421A80A060055689D /* Debug */ = {
			isa = XCBuildConfiguration;
			buildSettings = {
				CODE_SIGN_STYLE = Automatic;
				INFOPLIST_FILE = teste_infinitoUITests/Info.plist;
				LD_RUNPATH_SEARCH_PATHS = (
					"$(inherited)",
					"@executable_path/Frameworks",
					"@loader_path/Frameworks",
				);
				PRODUCT_BUNDLE_IDENTIFIER = "-.teste-infinitoUITests";
				PRODUCT_NAME = "$(TARGET_NAME)";
				TARGETED_DEVICE_FAMILY = "1,2";
				TEST_TARGET_NAME = teste_infinito;
			};
			name = Debug;
		};
		CEB2013521A80A060055689D /* Release */ = {
			isa = XCBuildConfiguration;
			buildSettings = {
				CODE_SIGN_STYLE = Automatic;
				INFOPLIST_FILE = teste_infinitoUITests/Info.plist;
				LD_RUNPATH_SEARCH_PATHS = (
					"$(inherited)",
					"@executable_path/Frameworks",
					"@loader_path/Frameworks",
				);
				PRODUCT_BUNDLE_IDENTIFIER = "-.teste-infinitoUITests";
				PRODUCT_NAME = "$(TARGET_NAME)";
				TARGETED_DEVICE_FAMILY = "1,2";
				TEST_TARGET_NAME = teste_infinito;
			};
			name = Release;
		};
/* End XCBuildConfiguration section */

/* Begin XCConfigurationList section */
		CEB200FC21A80A020055689D /* Build configuration list for PBXProject "teste_infinito" */ = {
			isa = XCConfigurationList;
			buildConfigurations = (
				CEB2012B21A80A060055689D /* Debug */,
				CEB2012C21A80A060055689D /* Release */,
			);
			defaultConfigurationIsVisible = 0;
			defaultConfigurationName = Release;
		};
		CEB2012D21A80A060055689D /* Build configuration list for PBXNativeTarget "teste_infinito" */ = {
			isa = XCConfigurationList;
			buildConfigurations = (
				CEB2012E21A80A060055689D /* Debug */,
				CEB2012F21A80A060055689D /* Release */,
			);
			defaultConfigurationIsVisible = 0;
			defaultConfigurationName = Release;
		};
		CEB2013021A80A060055689D /* Build configuration list for PBXNativeTarget "teste_infinitoTests" */ = {
			isa = XCConfigurationList;
			buildConfigurations = (
				CEB2013121A80A060055689D /* Debug */,
				CEB2013221A80A060055689D /* Release */,
			);
			defaultConfigurationIsVisible = 0;
			defaultConfigurationName = Release;
		};
		CEB2013321A80A060055689D /* Build configuration list for PBXNativeTarget "teste_infinitoUITests" */ = {
			isa = XCConfigurationList;
			buildConfigurations = (
				CEB2013421A80A060055689D /* Debug */,
				CEB2013521A80A060055689D /* Release */,
			);
			defaultConfigurationIsVisible = 0;
			defaultConfigurationName = Release;
		};
/* End XCConfigurationList section */
	};
	rootObject = CEB200F921A80A020055689D /* Project object */;
}
