// !$*UTF8*$!
{
	archiveVersion = 1;
	classes = {
	};
	objectVersion = 50;
	objects = {

/* Begin PBXFileReference section */
		CEB2002321A6DE730055689D /* teste1.cpp */ = {isa = PBXFileReference; lastKnownFileType = sourcecode.cpp.cpp; path = teste1.cpp; sourceTree = "<group>"; };
		CEB2002421A6DE730055689D /* teste1.hpp */ = {isa = PBXFileReference; lastKnownFileType = sourcecode.cpp.h; path = teste1.hpp; sourceTree = "<group>"; };
/* End PBXFileReference section */

/* Begin PBXGroup section */
		CEB2001C21A6DE080055689D = {
			isa = PBXGroup;
			children = (
				CEB2002321A6DE730055689D /* teste1.cpp */,
				CEB2002421A6DE730055689D /* teste1.hpp */,
			);
			sourceTree = "<group>";
		};
/* End PBXGroup section */

/* Begin PBXProject section */
		CEB2001D21A6DE080055689D /* Project object */ = {
			isa = PBXProject;
			attributes = {
				LastUpgradeCheck = 1010;
			};
			buildConfigurationList = CEB2002021A6DE080055689D /* Build configuration list for PBXProject "teste_opencv" */;
			compatibilityVersion = "Xcode 9.3";
			developmentRegion = en;
			hasScannedForEncodings = 0;
			knownRegions = (
				en,
			);
			mainGroup = CEB2001C21A6DE080055689D;
			projectDirPath = "";
			projectRoot = "";
			targets = (
			);
		};
/* End PBXProject section */

/* Begin XCBuildConfiguration section */
		CEB2002121A6DE080055689D /* Debug */ = {
			isa = XCBuildConfiguration;
			buildSettings = {
				NEW_SETTING = "";
			};
			name = Debug;
		};
		CEB2002221A6DE080055689D /* Release */ = {
			isa = XCBuildConfiguration;
			buildSettings = {
				NEW_SETTING = "";
			};
			name = Release;
		};
/* End XCBuildConfiguration section */

/* Begin XCConfigurationList section */
		CEB2002021A6DE080055689D /* Build configuration list for PBXProject "teste_opencv" */ = {
			isa = XCConfigurationList;
			buildConfigurations = (
				CEB2002121A6DE080055689D /* Debug */,
				CEB2002221A6DE080055689D /* Release */,
			);
			defaultConfigurationIsVisible = 0;
			defaultConfigurationName = Release;
		};
/* End XCConfigurationList section */
	};
	rootObject = CEB2001D21A6DE080055689D /* Project object */;
}
